// !$*UTF8*$!
{
	archiveVersion = 1;
	classes = {
	};
	objectVersion = 48;
	objects = {

/* Begin PBXBuildFile section */
		A9B5A6D32044F4120090F8E0 /* SHCollectionView.mm in Sources */ = {isa = PBXBuildFile; fileRef = A9B5A6D22044F4120090F8E0 /* SHCollectionView.mm */; };
		A9B5A6D9204533CE0090F8E0 /* CellA.xib in Resources */ = {isa = PBXBuildFile; fileRef = A9B5A6D7204533CE0090F8E0 /* CellA.xib */; };
		A9B5A6DF20454FFB0090F8E0 /* CollectionViews.m in Sources */ = {isa = PBXBuildFile; fileRef = A9B5A6DE20454FFB0090F8E0 /* CollectionViews.m */; };
		A9B5A6E6204551000090F8E0 /* HeaderView.xib in Resources */ = {isa = PBXBuildFile; fileRef = A9B5A6E4204551000090F8E0 /* HeaderView.xib */; };
		A9B5A6E920455BF80090F8E0 /* CollectionSectionBackground.m in Sources */ = {isa = PBXBuildFile; fileRef = A9B5A6E820455BF80090F8E0 /* CollectionSectionBackground.m */; };
		A9C7A3AE20463CEA003ADF13 /* LICENSE in Resources */ = {isa = PBXBuildFile; fileRef = A9C7A39220463CEA003ADF13 /* LICENSE */; };
		A9C7A3AF20463CEA003ADF13 /* NSLayoutConstraint+MASDebugAdditions.m in Sources */ = {isa = PBXBuildFile; fileRef = A9C7A39520463CEA003ADF13 /* NSLayoutConstraint+MASDebugAdditions.m */; };
		A9C7A3B020463CEA003ADF13 /* ViewController+MASAdditions.m in Sources */ = {isa = PBXBuildFile; fileRef = A9C7A39E20463CEA003ADF13 /* ViewController+MASAdditions.m */; };
		A9C7A3B120463CEA003ADF13 /* MASCompositeConstraint.m in Sources */ = {isa = PBXBuildFile; fileRef = A9C7A3A220463CEA003ADF13 /* MASCompositeConstraint.m */; };
		A9C7A3B220463CEA003ADF13 /* MASConstraintMaker.m in Sources */ = {isa = PBXBuildFile; fileRef = A9C7A3A320463CEA003ADF13 /* MASConstraintMaker.m */; };
		A9C7A3B320463CEA003ADF13 /* MASLayoutConstraint.m in Sources */ = {isa = PBXBuildFile; fileRef = A9C7A3A420463CEA003ADF13 /* MASLayoutConstraint.m */; };
		A9C7A3B420463CEA003ADF13 /* NSArray+MASAdditions.m in Sources */ = {isa = PBXBuildFile; fileRef = A9C7A3A520463CEA003ADF13 /* NSArray+MASAdditions.m */; };
		A9C7A3B520463CEA003ADF13 /* View+MASAdditions.m in Sources */ = {isa = PBXBuildFile; fileRef = A9C7A3A620463CEA003ADF13 /* View+MASAdditions.m */; };
		A9C7A3B620463CEA003ADF13 /* MASConstraint.m in Sources */ = {isa = PBXBuildFile; fileRef = A9C7A3A920463CEA003ADF13 /* MASConstraint.m */; };
		A9C7A3B720463CEA003ADF13 /* MASViewConstraint.m in Sources */ = {isa = PBXBuildFile; fileRef = A9C7A3AB20463CEA003ADF13 /* MASViewConstraint.m */; };
		A9C7A3B820463CEA003ADF13 /* MASViewAttribute.m in Sources */ = {isa = PBXBuildFile; fileRef = A9C7A3AC20463CEA003ADF13 /* MASViewAttribute.m */; };
		A9C7A3B920463CEA003ADF13 /* README.md in Resources */ = {isa = PBXBuildFile; fileRef = A9C7A3AD20463CEA003ADF13 /* README.md */; };
		A9F5624B202FDF0300018233 /* AppDelegate.m in Sources */ = {isa = PBXBuildFile; fileRef = A9F5624A202FDF0300018233 /* AppDelegate.m */; };
		A9F5624E202FDF0400018233 /* ViewController.m in Sources */ = {isa = PBXBuildFile; fileRef = A9F5624D202FDF0400018233 /* ViewController.m */; };
		A9F56251202FDF0400018233 /* Main.storyboard in Resources */ = {isa = PBXBuildFile; fileRef = A9F5624F202FDF0400018233 /* Main.storyboard */; };
		A9F56253202FDF0400018233 /* Assets.xcassets in Resources */ = {isa = PBXBuildFile; fileRef = A9F56252202FDF0400018233 /* Assets.xcassets */; };
		A9F56256202FDF0400018233 /* LaunchScreen.storyboard in Resources */ = {isa = PBXBuildFile; fileRef = A9F56254202FDF0400018233 /* LaunchScreen.storyboard */; };
		A9F56259202FDF0400018233 /* main.m in Sources */ = {isa = PBXBuildFile; fileRef = A9F56258202FDF0400018233 /* main.m */; };
		A9F56263202FDF0400018233 /* CollectionViewTests.m in Sources */ = {isa = PBXBuildFile; fileRef = A9F56262202FDF0400018233 /* CollectionViewTests.m */; };
		A9F5626E202FDF0400018233 /* CollectionViewUITests.m in Sources */ = {isa = PBXBuildFile; fileRef = A9F5626D202FDF0400018233 /* CollectionViewUITests.m */; };
		A9F56280202FE6B600018233 /* BlockConver.m in Sources */ = {isa = PBXBuildFile; fileRef = A9F5627F202FE6B600018233 /* BlockConver.m */; };
		A9F5628C2030303800018233 /* ConverProxy.m in Sources */ = {isa = PBXBuildFile; fileRef = A9F5628B2030303800018233 /* ConverProxy.m */; };
/* End PBXBuildFile section */

/* Begin PBXContainerItemProxy section */
		A9F5625F202FDF0400018233 /* PBXContainerItemProxy */ = {
			isa = PBXContainerItemProxy;
			containerPortal = A9F5623E202FDF0300018233 /* Project object */;
			proxyType = 1;
			remoteGlobalIDString = A9F56245202FDF0300018233;
			remoteInfo = CollectionView;
		};
		A9F5626A202FDF0400018233 /* PBXContainerItemProxy */ = {
			isa = PBXContainerItemProxy;
			containerPortal = A9F5623E202FDF0300018233 /* Project object */;
			proxyType = 1;
			remoteGlobalIDString = A9F56245202FDF0300018233;
			remoteInfo = CollectionView;
		};
/* End PBXContainerItemProxy section */

/* Begin PBXFileReference section */
		A9B5A6D12044F4120090F8E0 /* SHCollectionView.h */ = {isa = PBXFileReference; lastKnownFileType = sourcecode.c.h; path = SHCollectionView.h; sourceTree = "<group>"; };
		A9B5A6D22044F4120090F8E0 /* SHCollectionView.mm */ = {isa = PBXFileReference; lastKnownFileType = sourcecode.cpp.objcpp; path = SHCollectionView.mm; sourceTree = "<group>"; };
		A9B5A6D7204533CE0090F8E0 /* CellA.xib */ = {isa = PBXFileReference; lastKnownFileType = file.xib; path = CellA.xib; sourceTree = "<group>"; };
		A9B5A6DD20454FFB0090F8E0 /* CollectionViews.h */ = {isa = PBXFileReference; lastKnownFileType = sourcecode.c.h; path = CollectionViews.h; sourceTree = "<group>"; };
		A9B5A6DE20454FFB0090F8E0 /* CollectionViews.m */ = {isa = PBXFileReference; lastKnownFileType = sourcecode.c.objc; path = CollectionViews.m; sourceTree = "<group>"; };
		A9B5A6E4204551000090F8E0 /* HeaderView.xib */ = {isa = PBXFileReference; lastKnownFileType = file.xib; path = HeaderView.xib; sourceTree = "<group>"; };
		A9B5A6E720455BF80090F8E0 /* CollectionSectionBackground.h */ = {isa = PBXFileReference; lastKnownFileType = sourcecode.c.h; path = CollectionSectionBackground.h; sourceTree = "<group>"; };
		A9B5A6E820455BF80090F8E0 /* CollectionSectionBackground.m */ = {isa = PBXFileReference; lastKnownFileType = sourcecode.c.objc; path = CollectionSectionBackground.m; sourceTree = "<group>"; };
		A9C7A39220463CEA003ADF13 /* LICENSE */ = {isa = PBXFileReference; fileEncoding = 4; lastKnownFileType = text; path = LICENSE; sourceTree = "<group>"; };
		A9C7A39420463CEA003ADF13 /* MASCompositeConstraint.h */ = {isa = PBXFileReference; fileEncoding = 4; lastKnownFileType = sourcecode.c.h; path = MASCompositeConstraint.h; sourceTree = "<group>"; };
		A9C7A39520463CEA003ADF13 /* NSLayoutConstraint+MASDebugAdditions.m */ = {isa = PBXFileReference; fileEncoding = 4; lastKnownFileType = sourcecode.c.objc; path = "NSLayoutConstraint+MASDebugAdditions.m"; sourceTree = "<group>"; };
		A9C7A39620463CEA003ADF13 /* MASConstraint+Private.h */ = {isa = PBXFileReference; fileEncoding = 4; lastKnownFileType = sourcecode.c.h; path = "MASConstraint+Private.h"; sourceTree = "<group>"; };
		A9C7A39720463CEA003ADF13 /* MASLayoutConstraint.h */ = {isa = PBXFileReference; fileEncoding = 4; lastKnownFileType = sourcecode.c.h; path = MASLayoutConstraint.h; sourceTree = "<group>"; };
		A9C7A39820463CEA003ADF13 /* NSArray+MASShorthandAdditions.h */ = {isa = PBXFileReference; fileEncoding = 4; lastKnownFileType = sourcecode.c.h; path = "NSArray+MASShorthandAdditions.h"; sourceTree = "<group>"; };
		A9C7A39920463CEA003ADF13 /* MASConstraintMaker.h */ = {isa = PBXFileReference; fileEncoding = 4; lastKnownFileType = sourcecode.c.h; path = MASConstraintMaker.h; sourceTree = "<group>"; };
		A9C7A39A20463CEA003ADF13 /* View+MASAdditions.h */ = {isa = PBXFileReference; fileEncoding = 4; lastKnownFileType = sourcecode.c.h; path = "View+MASAdditions.h"; sourceTree = "<group>"; };
		A9C7A39B20463CEA003ADF13 /* NSArray+MASAdditions.h */ = {isa = PBXFileReference; fileEncoding = 4; lastKnownFileType = sourcecode.c.h; path = "NSArray+MASAdditions.h"; sourceTree = "<group>"; };
		A9C7A39C20463CEA003ADF13 /* MASUtilities.h */ = {isa = PBXFileReference; fileEncoding = 4; lastKnownFileType = sourcecode.c.h; path = MASUtilities.h; sourceTree = "<group>"; };
		A9C7A39D20463CEA003ADF13 /* MASViewAttribute.h */ = {isa = PBXFileReference; fileEncoding = 4; lastKnownFileType = sourcecode.c.h; path = MASViewAttribute.h; sourceTree = "<group>"; };
		A9C7A39E20463CEA003ADF13 /* ViewController+MASAdditions.m */ = {isa = PBXFileReference; fileEncoding = 4; lastKnownFileType = sourcecode.c.objc; path = "ViewController+MASAdditions.m"; sourceTree = "<group>"; };
		A9C7A39F20463CEA003ADF13 /* MASViewConstraint.h */ = {isa = PBXFileReference; fileEncoding = 4; lastKnownFileType = sourcecode.c.h; path = MASViewConstraint.h; sourceTree = "<group>"; };
		A9C7A3A020463CEA003ADF13 /* MASConstraint.h */ = {isa = PBXFileReference; fileEncoding = 4; lastKnownFileType = sourcecode.c.h; path = MASConstraint.h; sourceTree = "<group>"; };
		A9C7A3A120463CEA003ADF13 /* NSLayoutConstraint+MASDebugAdditions.h */ = {isa = PBXFileReference; fileEncoding = 4; lastKnownFileType = sourcecode.c.h; path = "NSLayoutConstraint+MASDebugAdditions.h"; sourceTree = "<group>"; };
		A9C7A3A220463CEA003ADF13 /* MASCompositeConstraint.m */ = {isa = PBXFileReference; fileEncoding = 4; lastKnownFileType = sourcecode.c.objc; path = MASCompositeConstraint.m; sourceTree = "<group>"; };
		A9C7A3A320463CEA003ADF13 /* MASConstraintMaker.m */ = {isa = PBXFileReference; fileEncoding = 4; lastKnownFileType = sourcecode.c.objc; path = MASConstraintMaker.m; sourceTree = "<group>"; };
		A9C7A3A420463CEA003ADF13 /* MASLayoutConstraint.m */ = {isa = PBXFileReference; fileEncoding = 4; lastKnownFileType = sourcecode.c.objc; path = MASLayoutConstraint.m; sourceTree = "<group>"; };
		A9C7A3A520463CEA003ADF13 /* NSArray+MASAdditions.m */ = {isa = PBXFileReference; fileEncoding = 4; lastKnownFileType = sourcecode.c.objc; path = "NSArray+MASAdditions.m"; sourceTree = "<group>"; };
		A9C7A3A620463CEA003ADF13 /* View+MASAdditions.m */ = {isa = PBXFileReference; fileEncoding = 4; lastKnownFileType = sourcecode.c.objc; path = "View+MASAdditions.m"; sourceTree = "<group>"; };
		A9C7A3A720463CEA003ADF13 /* View+MASShorthandAdditions.h */ = {isa = PBXFileReference; fileEncoding = 4; lastKnownFileType = sourcecode.c.h; path = "View+MASShorthandAdditions.h"; sourceTree = "<group>"; };
		A9C7A3A820463CEA003ADF13 /* Masonry.h */ = {isa = PBXFileReference; fileEncoding = 4; lastKnownFileType = sourcecode.c.h; path = Masonry.h; sourceTree = "<group>"; };
		A9C7A3A920463CEA003ADF13 /* MASConstraint.m */ = {isa = PBXFileReference; fileEncoding = 4; lastKnownFileType = sourcecode.c.objc; path = MASConstraint.m; sourceTree = "<group>"; };
		A9C7A3AA20463CEA003ADF13 /* ViewController+MASAdditions.h */ = {isa = PBXFileReference; fileEncoding = 4; lastKnownFileType = sourcecode.c.h; path = "ViewController+MASAdditions.h"; sourceTree = "<group>"; };
		A9C7A3AB20463CEA003ADF13 /* MASViewConstraint.m */ = {isa = PBXFileReference; fileEncoding = 4; lastKnownFileType = sourcecode.c.objc; path = MASViewConstraint.m; sourceTree = "<group>"; };
		A9C7A3AC20463CEA003ADF13 /* MASViewAttribute.m */ = {isa = PBXFileReference; fileEncoding = 4; lastKnownFileType = sourcecode.c.objc; path = MASViewAttribute.m; sourceTree = "<group>"; };
		A9C7A3AD20463CEA003ADF13 /* README.md */ = {isa = PBXFileReference; fileEncoding = 4; lastKnownFileType = net.daringfireball.markdown; path = README.md; sourceTree = "<group>"; };
		A9F56246202FDF0300018233 /* CollectionView.app */ = {isa = PBXFileReference; explicitFileType = wrapper.application; includeInIndex = 0; path = CollectionView.app; sourceTree = BUILT_PRODUCTS_DIR; };
		A9F56249202FDF0300018233 /* AppDelegate.h */ = {isa = PBXFileReference; lastKnownFileType = sourcecode.c.h; path = AppDelegate.h; sourceTree = "<group>"; };
		A9F5624A202FDF0300018233 /* AppDelegate.m */ = {isa = PBXFileReference; lastKnownFileType = sourcecode.c.objc; path = AppDelegate.m; sourceTree = "<group>"; };
		A9F5624C202FDF0300018233 /* ViewController.h */ = {isa = PBXFileReference; lastKnownFileType = sourcecode.c.h; path = ViewController.h; sourceTree = "<group>"; };
		A9F5624D202FDF0400018233 /* ViewController.m */ = {isa = PBXFileReference; lastKnownFileType = sourcecode.c.objc; path = ViewController.m; sourceTree = "<group>"; };
		A9F56250202FDF0400018233 /* Base */ = {isa = PBXFileReference; lastKnownFileType = file.storyboard; name = Base; path = Base.lproj/Main.storyboard; sourceTree = "<group>"; };
		A9F56252202FDF0400018233 /* Assets.xcassets */ = {isa = PBXFileReference; lastKnownFileType = folder.assetcatalog; path = Assets.xcassets; sourceTree = "<group>"; };
		A9F56255202FDF0400018233 /* Base */ = {isa = PBXFileReference; lastKnownFileType = file.storyboard; name = Base; path = Base.lproj/LaunchScreen.storyboard; sourceTree = "<group>"; };
		A9F56257202FDF0400018233 /* Info.plist */ = {isa = PBXFileReference; lastKnownFileType = text.plist.xml; path = Info.plist; sourceTree = "<group>"; };
		A9F56258202FDF0400018233 /* main.m */ = {isa = PBXFileReference; lastKnownFileType = sourcecode.c.objc; path = main.m; sourceTree = "<group>"; };
		A9F5625E202FDF0400018233 /* CollectionViewTests.xctest */ = {isa = PBXFileReference; explicitFileType = wrapper.cfbundle; includeInIndex = 0; path = CollectionViewTests.xctest; sourceTree = BUILT_PRODUCTS_DIR; };
		A9F56262202FDF0400018233 /* CollectionViewTests.m */ = {isa = PBXFileReference; lastKnownFileType = sourcecode.c.objc; path = CollectionViewTests.m; sourceTree = "<group>"; };
		A9F56264202FDF0400018233 /* Info.plist */ = {isa = PBXFileReference; lastKnownFileType = text.plist.xml; path = Info.plist; sourceTree = "<group>"; };
		A9F56269202FDF0400018233 /* CollectionViewUITests.xctest */ = {isa = PBXFileReference; explicitFileType = wrapper.cfbundle; includeInIndex = 0; path = CollectionViewUITests.xctest; sourceTree = BUILT_PRODUCTS_DIR; };
		A9F5626D202FDF0400018233 /* CollectionViewUITests.m */ = {isa = PBXFileReference; lastKnownFileType = sourcecode.c.objc; path = CollectionViewUITests.m; sourceTree = "<group>"; };
		A9F5626F202FDF0400018233 /* Info.plist */ = {isa = PBXFileReference; lastKnownFileType = text.plist.xml; path = Info.plist; sourceTree = "<group>"; };
		A9F5627E202FE6B600018233 /* BlockConver.h */ = {isa = PBXFileReference; lastKnownFileType = sourcecode.c.h; path = BlockConver.h; sourceTree = "<group>"; };
		A9F5627F202FE6B600018233 /* BlockConver.m */ = {isa = PBXFileReference; lastKnownFileType = sourcecode.c.objc; path = BlockConver.m; sourceTree = "<group>"; };
		A9F5628B2030303800018233 /* ConverProxy.m */ = {isa = PBXFileReference; lastKnownFileType = sourcecode.c.objc; path = ConverProxy.m; sourceTree = "<group>"; };
/* End PBXFileReference section */

/* Begin PBXFrameworksBuildPhase section */
		A9F56243202FDF0300018233 /* Frameworks */ = {
			isa = PBXFrameworksBuildPhase;
			buildActionMask = 2147483647;
			files = (
			);
			runOnlyForDeploymentPostprocessing = 0;
		};
		A9F5625B202FDF0400018233 /* Frameworks */ = {
			isa = PBXFrameworksBuildPhase;
			buildActionMask = 2147483647;
			files = (
			);
			runOnlyForDeploymentPostprocessing = 0;
		};
		A9F56266202FDF0400018233 /* Frameworks */ = {
			isa = PBXFrameworksBuildPhase;
			buildActionMask = 2147483647;
			files = (
			);
			runOnlyForDeploymentPostprocessing = 0;
		};
/* End PBXFrameworksBuildPhase section */

/* Begin PBXGroup section */
		A9B5A6D4204527D40090F8E0 /* SHCollectionView */ = {
			isa = PBXGroup;
			children = (
				A9B5A6D12044F4120090F8E0 /* SHCollectionView.h */,
				A9B5A6D22044F4120090F8E0 /* SHCollectionView.mm */,
				A9F5627E202FE6B600018233 /* BlockConver.h */,
				A9F5627F202FE6B600018233 /* BlockConver.m */,
				A9F5628B2030303800018233 /* ConverProxy.m */,
			);
			path = SHCollectionView;
			sourceTree = "<group>";
		};
		A9C7A39120463CE9003ADF13 /* Masonry */ = {
			isa = PBXGroup;
			children = (
				A9C7A39220463CEA003ADF13 /* LICENSE */,
				A9C7A39320463CEA003ADF13 /* Masonry */,
				A9C7A3AD20463CEA003ADF13 /* README.md */,
			);
			path = Masonry;
			sourceTree = "<group>";
		};
		A9C7A39320463CEA003ADF13 /* Masonry */ = {
			isa = PBXGroup;
			children = (
				A9C7A39420463CEA003ADF13 /* MASCompositeConstraint.h */,
				A9C7A39520463CEA003ADF13 /* NSLayoutConstraint+MASDebugAdditions.m */,
				A9C7A39620463CEA003ADF13 /* MASConstraint+Private.h */,
				A9C7A39720463CEA003ADF13 /* MASLayoutConstraint.h */,
				A9C7A39820463CEA003ADF13 /* NSArray+MASShorthandAdditions.h */,
				A9C7A39920463CEA003ADF13 /* MASConstraintMaker.h */,
				A9C7A39A20463CEA003ADF13 /* View+MASAdditions.h */,
				A9C7A39B20463CEA003ADF13 /* NSArray+MASAdditions.h */,
				A9C7A39C20463CEA003ADF13 /* MASUtilities.h */,
				A9C7A39D20463CEA003ADF13 /* MASViewAttribute.h */,
				A9C7A39E20463CEA003ADF13 /* ViewController+MASAdditions.m */,
				A9C7A39F20463CEA003ADF13 /* MASViewConstraint.h */,
				A9C7A3A020463CEA003ADF13 /* MASConstraint.h */,
				A9C7A3A120463CEA003ADF13 /* NSLayoutConstraint+MASDebugAdditions.h */,
				A9C7A3A220463CEA003ADF13 /* MASCompositeConstraint.m */,
				A9C7A3A320463CEA003ADF13 /* MASConstraintMaker.m */,
				A9C7A3A420463CEA003ADF13 /* MASLayoutConstraint.m */,
				A9C7A3A520463CEA003ADF13 /* NSArray+MASAdditions.m */,
				A9C7A3A620463CEA003ADF13 /* View+MASAdditions.m */,
				A9C7A3A720463CEA003ADF13 /* View+MASShorthandAdditions.h */,
				A9C7A3A820463CEA003ADF13 /* Masonry.h */,
				A9C7A3A920463CEA003ADF13 /* MASConstraint.m */,
				A9C7A3AA20463CEA003ADF13 /* ViewController+MASAdditions.h */,
				A9C7A3AB20463CEA003ADF13 /* MASViewConstraint.m */,
				A9C7A3AC20463CEA003ADF13 /* MASViewAttribute.m */,
			);
			path = Masonry;
			sourceTree = "<group>";
		};
		A9F5623D202FDF0300018233 = {
			isa = PBXGroup;
			children = (
				A9F56248202FDF0300018233 /* CollectionView */,
				A9F56261202FDF0400018233 /* CollectionViewTests */,
				A9F5626C202FDF0400018233 /* CollectionViewUITests */,
				A9F56247202FDF0300018233 /* Products */,
			);
			sourceTree = "<group>";
		};
		A9F56247202FDF0300018233 /* Products */ = {
			isa = PBXGroup;
			children = (
				A9F56246202FDF0300018233 /* CollectionView.app */,
				A9F5625E202FDF0400018233 /* CollectionViewTests.xctest */,
				A9F56269202FDF0400018233 /* CollectionViewUITests.xctest */,
			);
			name = Products;
			sourceTree = "<group>";
		};
		A9F56248202FDF0300018233 /* CollectionView */ = {
			isa = PBXGroup;
			children = (
				A9C7A39120463CE9003ADF13 /* Masonry */,
				A9B5A6D4204527D40090F8E0 /* SHCollectionView */,
				A9F56249202FDF0300018233 /* AppDelegate.h */,
				A9F5624A202FDF0300018233 /* AppDelegate.m */,
				A9B5A6E720455BF80090F8E0 /* CollectionSectionBackground.h */,
				A9B5A6E820455BF80090F8E0 /* CollectionSectionBackground.m */,
				A9F5624C202FDF0300018233 /* ViewController.h */,
				A9F5624D202FDF0400018233 /* ViewController.m */,
				A9B5A6DD20454FFB0090F8E0 /* CollectionViews.h */,
				A9B5A6DE20454FFB0090F8E0 /* CollectionViews.m */,
				A9B5A6D7204533CE0090F8E0 /* CellA.xib */,
				A9B5A6E4204551000090F8E0 /* HeaderView.xib */,
				A9F5624F202FDF0400018233 /* Main.storyboard */,
				A9F56252202FDF0400018233 /* Assets.xcassets */,
				A9F56254202FDF0400018233 /* LaunchScreen.storyboard */,
				A9F56257202FDF0400018233 /* Info.plist */,
				A9F56258202FDF0400018233 /* main.m */,
			);
			path = CollectionView;
			sourceTree = "<group>";
		};
		A9F56261202FDF0400018233 /* CollectionViewTests */ = {
			isa = PBXGroup;
			children = (
				A9F56262202FDF0400018233 /* CollectionViewTests.m */,
				A9F56264202FDF0400018233 /* Info.plist */,
			);
			path = CollectionViewTests;
			sourceTree = "<group>";
		};
		A9F5626C202FDF0400018233 /* CollectionViewUITests */ = {
			isa = PBXGroup;
			children = (
				A9F5626D202FDF0400018233 /* CollectionViewUITests.m */,
				A9F5626F202FDF0400018233 /* Info.plist */,
			);
			path = CollectionViewUITests;
			sourceTree = "<group>";
		};
/* End PBXGroup section */

/* Begin PBXNativeTarget section */
		A9F56245202FDF0300018233 /* CollectionView */ = {
			isa = PBXNativeTarget;
			buildConfigurationList = A9F56272202FDF0400018233 /* Build configuration list for PBXNativeTarget "CollectionView" */;
			buildPhases = (
				A9F56242202FDF0300018233 /* Sources */,
				A9F56243202FDF0300018233 /* Frameworks */,
				A9F56244202FDF0300018233 /* Resources */,
			);
			buildRules = (
			);
			dependencies = (
			);
			name = CollectionView;
			productName = CollectionView;
			productReference = A9F56246202FDF0300018233 /* CollectionView.app */;
			productType = "com.apple.product-type.application";
		};
		A9F5625D202FDF0400018233 /* CollectionViewTests */ = {
			isa = PBXNativeTarget;
			buildConfigurationList = A9F56275202FDF0400018233 /* Build configuration list for PBXNativeTarget "CollectionViewTests" */;
			buildPhases = (
				A9F5625A202FDF0400018233 /* Sources */,
				A9F5625B202FDF0400018233 /* Frameworks */,
				A9F5625C202FDF0400018233 /* Resources */,
			);
			buildRules = (
			);
			dependencies = (
				A9F56260202FDF0400018233 /* PBXTargetDependency */,
			);
			name = CollectionViewTests;
			productName = CollectionViewTests;
			productReference = A9F5625E202FDF0400018233 /* CollectionViewTests.xctest */;
			productType = "com.apple.product-type.bundle.unit-test";
		};
		A9F56268202FDF0400018233 /* CollectionViewUITests */ = {
			isa = PBXNativeTarget;
			buildConfigurationList = A9F56278202FDF0400018233 /* Build configuration list for PBXNativeTarget "CollectionViewUITests" */;
			buildPhases = (
				A9F56265202FDF0400018233 /* Sources */,
				A9F56266202FDF0400018233 /* Frameworks */,
				A9F56267202FDF0400018233 /* Resources */,
			);
			buildRules = (
			);
			dependencies = (
				A9F5626B202FDF0400018233 /* PBXTargetDependency */,
			);
			name = CollectionViewUITests;
			productName = CollectionViewUITests;
			productReference = A9F56269202FDF0400018233 /* CollectionViewUITests.xctest */;
			productType = "com.apple.product-type.bundle.ui-testing";
		};
/* End PBXNativeTarget section */

/* Begin PBXProject section */
		A9F5623E202FDF0300018233 /* Project object */ = {
			isa = PBXProject;
			attributes = {
				LastUpgradeCheck = 0920;
				ORGANIZATIONNAME = YLCHUN;
				TargetAttributes = {
					A9F56245202FDF0300018233 = {
						CreatedOnToolsVersion = 9.2;
						ProvisioningStyle = Automatic;
					};
					A9F5625D202FDF0400018233 = {
						CreatedOnToolsVersion = 9.2;
						ProvisioningStyle = Automatic;
						TestTargetID = A9F56245202FDF0300018233;
					};
					A9F56268202FDF0400018233 = {
						CreatedOnToolsVersion = 9.2;
						ProvisioningStyle = Automatic;
						TestTargetID = A9F56245202FDF0300018233;
					};
				};
			};
			buildConfigurationList = A9F56241202FDF0300018233 /* Build configuration list for PBXProject "CollectionView" */;
			compatibilityVersion = "Xcode 8.0";
			developmentRegion = en;
			hasScannedForEncodings = 0;
			knownRegions = (
				en,
				Base,
			);
			mainGroup = A9F5623D202FDF0300018233;
			productRefGroup = A9F56247202FDF0300018233 /* Products */;
			projectDirPath = "";
			projectRoot = "";
			targets = (
				A9F56245202FDF0300018233 /* CollectionView */,
				A9F5625D202FDF0400018233 /* CollectionViewTests */,
				A9F56268202FDF0400018233 /* CollectionViewUITests */,
			);
		};
/* End PBXProject section */

/* Begin PBXResourcesBuildPhase section */
		A9F56244202FDF0300018233 /* Resources */ = {
			isa = PBXResourcesBuildPhase;
			buildActionMask = 2147483647;
			files = (
				A9C7A3AE20463CEA003ADF13 /* LICENSE in Resources */,
				A9B5A6D9204533CE0090F8E0 /* CellA.xib in Resources */,
				A9B5A6E6204551000090F8E0 /* HeaderView.xib in Resources */,
				A9C7A3B920463CEA003ADF13 /* README.md in Resources */,
				A9F56256202FDF0400018233 /* LaunchScreen.storyboard in Resources */,
				A9F56253202FDF0400018233 /* Assets.xcassets in Resources */,
				A9F56251202FDF0400018233 /* Main.storyboard in Resources */,
			);
			runOnlyForDeploymentPostprocessing = 0;
		};
		A9F5625C202FDF0400018233 /* Resources */ = {
			isa = PBXResourcesBuildPhase;
			buildActionMask = 2147483647;
			files = (
			);
			runOnlyForDeploymentPostprocessing = 0;
		};
		A9F56267202FDF0400018233 /* Resources */ = {
			isa = PBXResourcesBuildPhase;
			buildActionMask = 2147483647;
			files = (
			);
			runOnlyForDeploymentPostprocessing = 0;
		};
/* End PBXResourcesBuildPhase section */

/* Begin PBXSourcesBuildPhase section */
		A9F56242202FDF0300018233 /* Sources */ = {
			isa = PBXSourcesBuildPhase;
			buildActionMask = 2147483647;
			files = (
				A9B5A6D32044F4120090F8E0 /* SHCollectionView.mm in Sources */,
				A9B5A6E920455BF80090F8E0 /* CollectionSectionBackground.m in Sources */,
				A9C7A3B420463CEA003ADF13 /* NSArray+MASAdditions.m in Sources */,
				A9F56280202FE6B600018233 /* BlockConver.m in Sources */,
				A9C7A3B520463CEA003ADF13 /* View+MASAdditions.m in Sources */,
				A9C7A3AF20463CEA003ADF13 /* NSLayoutConstraint+MASDebugAdditions.m in Sources */,
				A9C7A3B120463CEA003ADF13 /* MASCompositeConstraint.m in Sources */,
				A9B5A6DF20454FFB0090F8E0 /* CollectionViews.m in Sources */,
				A9C7A3B020463CEA003ADF13 /* ViewController+MASAdditions.m in Sources */,
				A9C7A3B820463CEA003ADF13 /* MASViewAttribute.m in Sources */,
				A9C7A3B720463CEA003ADF13 /* MASViewConstraint.m in Sources */,
				A9F5624E202FDF0400018233 /* ViewController.m in Sources */,
				A9C7A3B220463CEA003ADF13 /* MASConstraintMaker.m in Sources */,
				A9F56259202FDF0400018233 /* main.m in Sources */,
				A9C7A3B320463CEA003ADF13 /* MASLayoutConstraint.m in Sources */,
				A9F5624B202FDF0300018233 /* AppDelegate.m in Sources */,
				A9F5628C2030303800018233 /* ConverProxy.m in Sources */,
				A9C7A3B620463CEA003ADF13 /* MASConstraint.m in Sources */,
			);
			runOnlyForDeploymentPostprocessing = 0;
		};
		A9F5625A202FDF0400018233 /* Sources */ = {
			isa = PBXSourcesBuildPhase;
			buildActionMask = 2147483647;
			files = (
				A9F56263202FDF0400018233 /* CollectionViewTests.m in Sources */,
			);
			runOnlyForDeploymentPostprocessing = 0;
		};
		A9F56265202FDF0400018233 /* Sources */ = {
			isa = PBXSourcesBuildPhase;
			buildActionMask = 2147483647;
			files = (
				A9F5626E202FDF0400018233 /* CollectionViewUITests.m in Sources */,
			);
			runOnlyForDeploymentPostprocessing = 0;
		};
/* End PBXSourcesBuildPhase section */

/* Begin PBXTargetDependency section */
		A9F56260202FDF0400018233 /* PBXTargetDependency */ = {
			isa = PBXTargetDependency;
			target = A9F56245202FDF0300018233 /* CollectionView */;
			targetProxy = A9F5625F202FDF0400018233 /* PBXContainerItemProxy */;
		};
		A9F5626B202FDF0400018233 /* PBXTargetDependency */ = {
			isa = PBXTargetDependency;
			target = A9F56245202FDF0300018233 /* CollectionView */;
			targetProxy = A9F5626A202FDF0400018233 /* PBXContainerItemProxy */;
		};
/* End PBXTargetDependency section */

/* Begin PBXVariantGroup section */
		A9F5624F202FDF0400018233 /* Main.storyboard */ = {
			isa = PBXVariantGroup;
			children = (
				A9F56250202FDF0400018233 /* Base */,
			);
			name = Main.storyboard;
			sourceTree = "<group>";
		};
		A9F56254202FDF0400018233 /* LaunchScreen.storyboard */ = {
			isa = PBXVariantGroup;
			children = (
				A9F56255202FDF0400018233 /* Base */,
			);
			name = LaunchScreen.storyboard;
			sourceTree = "<group>";
		};
/* End PBXVariantGroup section */

/* Begin XCBuildConfiguration section */
		A9F56270202FDF0400018233 /* Debug */ = {
			isa = XCBuildConfiguration;
			buildSettings = {
				ALWAYS_SEARCH_USER_PATHS = NO;
				CLANG_ANALYZER_NONNULL = YES;
				CLANG_ANALYZER_NUMBER_OBJECT_CONVERSION = YES_AGGRESSIVE;
				CLANG_CXX_LANGUAGE_STANDARD = "gnu++14";
				CLANG_CXX_LIBRARY = "libc++";
				CLANG_ENABLE_MODULES = YES;
				CLANG_ENABLE_OBJC_ARC = YES;
				CLANG_WARN_BLOCK_CAPTURE_AUTORELEASING = YES;
				CLANG_WARN_BOOL_CONVERSION = YES;
				CLANG_WARN_COMMA = YES;
				CLANG_WARN_CONSTANT_CONVERSION = YES;
				CLANG_WARN_DIRECT_OBJC_ISA_USAGE = YES_ERROR;
				CLANG_WARN_DOCUMENTATION_COMMENTS = YES;
				CLANG_WARN_EMPTY_BODY = YES;
				CLANG_WARN_ENUM_CONVERSION = YES;
				CLANG_WARN_INFINITE_RECURSION = YES;
				CLANG_WARN_INT_CONVERSION = YES;
				CLANG_WARN_NON_LITERAL_NULL_CONVERSION = YES;
				CLANG_WARN_OBJC_LITERAL_CONVERSION = YES;
				CLANG_WARN_OBJC_ROOT_CLASS = YES_ERROR;
				CLANG_WARN_RANGE_LOOP_ANALYSIS = YES;
				CLANG_WARN_STRICT_PROTOTYPES = YES;
				CLANG_WARN_SUSPICIOUS_MOVE = YES;
				CLANG_WARN_UNGUARDED_AVAILABILITY = YES_AGGRESSIVE;
				CLANG_WARN_UNREACHABLE_CODE = YES;
				CLANG_WARN__DUPLICATE_METHOD_MATCH = YES;
				CODE_SIGN_IDENTITY = "iPhone Developer";
				COPY_PHASE_STRIP = NO;
				DEBUG_INFORMATION_FORMAT = dwarf;
				ENABLE_STRICT_OBJC_MSGSEND = YES;
				ENABLE_TESTABILITY = YES;
				GCC_C_LANGUAGE_STANDARD = gnu11;
				GCC_DYNAMIC_NO_PIC = NO;
				GCC_NO_COMMON_BLOCKS = YES;
				GCC_OPTIMIZATION_LEVEL = 0;
				GCC_PREPROCESSOR_DEFINITIONS = (
					"DEBUG=1",
					"$(inherited)",
				);
				GCC_WARN_64_TO_32_BIT_CONVERSION = YES;
				GCC_WARN_ABOUT_RETURN_TYPE = YES_ERROR;
				GCC_WARN_UNDECLARED_SELECTOR = YES;
				GCC_WARN_UNINITIALIZED_AUTOS = YES_AGGRESSIVE;
				GCC_WARN_UNUSED_FUNCTION = YES;
				GCC_WARN_UNUSED_VARIABLE = YES;
				IPHONEOS_DEPLOYMENT_TARGET = 8.0;
				MTL_ENABLE_DEBUG_INFO = YES;
				ONLY_ACTIVE_ARCH = YES;
				SDKROOT = iphoneos;
			};
			name = Debug;
		};
		A9F56271202FDF0400018233 /* Release */ = {
			isa = XCBuildConfiguration;
			buildSettings = {
				ALWAYS_SEARCH_USER_PATHS = NO;
				CLANG_ANALYZER_NONNULL = YES;
				CLANG_ANALYZER_NUMBER_OBJECT_CONVERSION = YES_AGGRESSIVE;
				CLANG_CXX_LANGUAGE_STANDARD = "gnu++14";
				CLANG_CXX_LIBRARY = "libc++";
				CLANG_ENABLE_MODULES = YES;
				CLANG_ENABLE_OBJC_ARC = YES;
				CLANG_WARN_BLOCK_CAPTURE_AUTORELEASING = YES;
				CLANG_WARN_BOOL_CONVERSION = YES;
				CLANG_WARN_COMMA = YES;
				CLANG_WARN_CONSTANT_CONVERSION = YES;
				CLANG_WARN_DIRECT_OBJC_ISA_USAGE = YES_ERROR;
				CLANG_WARN_DOCUMENTATION_COMMENTS = YES;
				CLANG_WARN_EMPTY_BODY = YES;
				CLANG_WARN_ENUM_CONVERSION = YES;
				CLANG_WARN_INFINITE_RECURSION = YES;
				CLANG_WARN_INT_CONVERSION = YES;
				CLANG_WARN_NON_LITERAL_NULL_CONVERSION = YES;
				CLANG_WARN_OBJC_LITERAL_CONVERSION = YES;
				CLANG_WARN_OBJC_ROOT_CLASS = YES_ERROR;
				CLANG_WARN_RANGE_LOOP_ANALYSIS = YES;
				CLANG_WARN_STRICT_PROTOTYPES = YES;
				CLANG_WARN_SUSPICIOUS_MOVE = YES;
				CLANG_WARN_UNGUARDED_AVAILABILITY = YES_AGGRESSIVE;
				CLANG_WARN_UNREACHABLE_CODE = YES;
				CLANG_WARN__DUPLICATE_METHOD_MATCH = YES;
				CODE_SIGN_IDENTITY = "iPhone Developer";
				COPY_PHASE_STRIP = NO;
				DEBUG_INFORMATION_FORMAT = "dwarf-with-dsym";
				ENABLE_NS_ASSERTIONS = NO;
				ENABLE_STRICT_OBJC_MSGSEND = YES;
				GCC_C_LANGUAGE_STANDARD = gnu11;
				GCC_NO_COMMON_BLOCKS = YES;
				GCC_WARN_64_TO_32_BIT_CONVERSION = YES;
				GCC_WARN_ABOUT_RETURN_TYPE = YES_ERROR;
				GCC_WARN_UNDECLARED_SELECTOR = YES;
				GCC_WARN_UNINITIALIZED_AUTOS = YES_AGGRESSIVE;
				GCC_WARN_UNUSED_FUNCTION = YES;
				GCC_WARN_UNUSED_VARIABLE = YES;
				IPHONEOS_DEPLOYMENT_TARGET = 8.0;
				MTL_ENABLE_DEBUG_INFO = NO;
				SDKROOT = iphoneos;
				VALIDATE_PRODUCT = YES;
			};
			name = Release;
		};
		A9F56273202FDF0400018233 /* Debug */ = {
			isa = XCBuildConfiguration;
			buildSettings = {
				ASSETCATALOG_COMPILER_APPICON_NAME = AppIcon;
				CODE_SIGN_STYLE = Automatic;
				DEVELOPMENT_TEAM = V6QCEN324A;
				INFOPLIST_FILE = CollectionView/Info.plist;
				LD_RUNPATH_SEARCH_PATHS = "$(inherited) @executable_path/Frameworks";
				PRODUCT_BUNDLE_IDENTIFIER = com.lrlz.car;
				PRODUCT_NAME = "$(TARGET_NAME)";
				TARGETED_DEVICE_FAMILY = "1,2";
			};
			name = Debug;
		};
		A9F56274202FDF0400018233 /* Release */ = {
			isa = XCBuildConfiguration;
			buildSettings = {
				ASSETCATALOG_COMPILER_APPICON_NAME = AppIcon;
				CODE_SIGN_STYLE = Automatic;
				DEVELOPMENT_TEAM = V6QCEN324A;
				INFOPLIST_FILE = CollectionView/Info.plist;
				LD_RUNPATH_SEARCH_PATHS = "$(inherited) @executable_path/Frameworks";
				PRODUCT_BUNDLE_IDENTIFIER = com.lrlz.car;
				PRODUCT_NAME = "$(TARGET_NAME)";
				TARGETED_DEVICE_FAMILY = "1,2";
			};
			name = Release;
		};
		A9F56276202FDF0400018233 /* Debug */ = {
			isa = XCBuildConfiguration;
			buildSettings = {
				BUNDLE_LOADER = "$(TEST_HOST)";
				CODE_SIGN_STYLE = Automatic;
				INFOPLIST_FILE = CollectionViewTests/Info.plist;
				LD_RUNPATH_SEARCH_PATHS = "$(inherited) @executable_path/Frameworks @loader_path/Frameworks";
				PRODUCT_BUNDLE_IDENTIFIER = com.ylchun.CollectionViewTests;
				PRODUCT_NAME = "$(TARGET_NAME)";
				TARGETED_DEVICE_FAMILY = "1,2";
				TEST_HOST = "$(BUILT_PRODUCTS_DIR)/CollectionView.app/CollectionView";
			};
			name = Debug;
		};
		A9F56277202FDF0400018233 /* Release */ = {
			isa = XCBuildConfiguration;
			buildSettings = {
				BUNDLE_LOADER = "$(TEST_HOST)";
				CODE_SIGN_STYLE = Automatic;
				INFOPLIST_FILE = CollectionViewTests/Info.plist;
				LD_RUNPATH_SEARCH_PATHS = "$(inherited) @executable_path/Frameworks @loader_path/Frameworks";
				PRODUCT_BUNDLE_IDENTIFIER = com.ylchun.CollectionViewTests;
				PRODUCT_NAME = "$(TARGET_NAME)";
				TARGETED_DEVICE_FAMILY = "1,2";
				TEST_HOST = "$(BUILT_PRODUCTS_DIR)/CollectionView.app/CollectionView";
			};
			name = Release;
		};
		A9F56279202FDF0400018233 /* Debug */ = {
			isa = XCBuildConfiguration;
			buildSettings = {
				CODE_SIGN_STYLE = Automatic;
				INFOPLIST_FILE = CollectionViewUITests/Info.plist;
				LD_RUNPATH_SEARCH_PATHS = "$(inherited) @executable_path/Frameworks @loader_path/Frameworks";
				PRODUCT_BUNDLE_IDENTIFIER = com.ylchun.CollectionViewUITests;
				PRODUCT_NAME = "$(TARGET_NAME)";
				TARGETED_DEVICE_FAMILY = "1,2";
				TEST_TARGET_NAME = CollectionView;
			};
			name = Debug;
		};
		A9F5627A202FDF0400018233 /* Release */ = {
			isa = XCBuildConfiguration;
			buildSettings = {
				CODE_SIGN_STYLE = Automatic;
				INFOPLIST_FILE = CollectionViewUITests/Info.plist;
				LD_RUNPATH_SEARCH_PATHS = "$(inherited) @executable_path/Frameworks @loader_path/Frameworks";
				PRODUCT_BUNDLE_IDENTIFIER = com.ylchun.CollectionViewUITests;
				PRODUCT_NAME = "$(TARGET_NAME)";
				TARGETED_DEVICE_FAMILY = "1,2";
				TEST_TARGET_NAME = CollectionView;
			};
			name = Release;
		};
/* End XCBuildConfiguration section */

/* Begin XCConfigurationList section */
		A9F56241202FDF0300018233 /* Build configuration list for PBXProject "CollectionView" */ = {
			isa = XCConfigurationList;
			buildConfigurations = (
				A9F56270202FDF0400018233 /* Debug */,
				A9F56271202FDF0400018233 /* Release */,
			);
			defaultConfigurationIsVisible = 0;
			defaultConfigurationName = Release;
		};
		A9F56272202FDF0400018233 /* Build configuration list for PBXNativeTarget "CollectionView" */ = {
			isa = XCConfigurationList;
			buildConfigurations = (
				A9F56273202FDF0400018233 /* Debug */,
				A9F56274202FDF0400018233 /* Release */,
			);
			defaultConfigurationIsVisible = 0;
			defaultConfigurationName = Release;
		};
		A9F56275202FDF0400018233 /* Build configuration list for PBXNativeTarget "CollectionViewTests" */ = {
			isa = XCConfigurationList;
			buildConfigurations = (
				A9F56276202FDF0400018233 /* Debug */,
				A9F56277202FDF0400018233 /* Release */,
			);
			defaultConfigurationIsVisible = 0;
			defaultConfigurationName = Release;
		};
		A9F56278202FDF0400018233 /* Build configuration list for PBXNativeTarget "CollectionViewUITests" */ = {
			isa = XCConfigurationList;
			buildConfigurations = (
				A9F56279202FDF0400018233 /* Debug */,
				A9F5627A202FDF0400018233 /* Release */,
			);
			defaultConfigurationIsVisible = 0;
			defaultConfigurationName = Release;
		};
/* End XCConfigurationList section */
	};
	rootObject = A9F5623E202FDF0300018233 /* Project object */;
}
